
Microsoft Visual Studio Solution File, Format Version 12.00
# Visual Studio Version 17
VisualStudioVersion = 17.8.34330.188
MinimumVisualStudioVersion = 10.0.40219.1
Project("{9A19103F-16F7-4668-BE54-9A1E7A4F7556}") = "AuthService", "AuthService\AuthService.csproj", "{B260B35E-9D24-4DE4-AE15-AB4A25A70DAB}"
EndProject
Project("{FAE04EC0-301F-11D3-BF4B-00C04F79EFBC}") = "TestProject", "TestProject\TestProject.csproj", "{4CF6A183-057E-44E4-BECC-F2BD4721A47C}"
EndProject
Global
	GlobalSection(SolutionConfigurationPlatforms) = preSolution
		Debug|Any CPU = Debug|Any CPU
		Release|Any CPU = Release|Any CPU
	EndGlobalSection
	GlobalSection(ProjectConfigurationPlatforms) = postSolution
		{B260B35E-9D24-4DE4-AE15-AB4A25A70DAB}.Debug|Any CPU.ActiveCfg = Debug|Any CPU
		{B260B35E-9D24-4DE4-AE15-AB4A25A70DAB}.Debug|Any CPU.Build.0 = Debug|Any CPU
		{B260B35E-9D24-4DE4-AE15-AB4A25A70DAB}.Release|Any CPU.ActiveCfg = Release|Any CPU
		{B260B35E-9D24-4DE4-AE15-AB4A25A70DAB}.Release|Any CPU.Build.0 = Release|Any CPU
		{4CF6A183-057E-44E4-BECC-F2BD4721A47C}.Debug|Any CPU.ActiveCfg = Debug|Any CPU
		{4CF6A183-057E-44E4-BECC-F2BD4721A47C}.Debug|Any CPU.Build.0 = Debug|Any CPU
		{4CF6A183-057E-44E4-BECC-F2BD4721A47C}.Release|Any CPU.ActiveCfg = Release|Any CPU
		{4CF6A183-057E-44E4-BECC-F2BD4721A47C}.Release|Any CPU.Build.0 = Release|Any CPU
	EndGlobalSection
	GlobalSection(SolutionProperties) = preSolution
		HideSolutionNode = FALSE
	EndGlobalSection
	GlobalSection(ExtensibilityGlobals) = postSolution
		SolutionGuid = {5D9121E5-89C3-44CC-A7C8-A2FE1652807F}
	EndGlobalSection
EndGlobal
